
Microsoft Visual Studio Solution File, Format Version 12.00
# Visual Studio Version 17
VisualStudioVersion = 17.5.33424.131
MinimumVisualStudioVersion = 10.0.40219.1
Project("{FAE04EC0-301F-11D3-BF4B-00C04F79EFBC}") = "WPFApplication", "WPFApplication\WPFApplication.csproj", "{6AC5A96D-6528-46BF-9B89-463219DA7856}"
EndProject
Project("{FAE04EC0-301F-11D3-BF4B-00C04F79EFBC}") = "WPFApplication.Domain", "WPFApplication.Domain\WPFApplication.Domain.csproj", "{7533545D-4845-4973-B204-C6F2DA00DA25}"
EndProject
Project("{FAE04EC0-301F-11D3-BF4B-00C04F79EFBC}") = "WPFApplication.EntityFramework", "WPFApplication.EntityFramework\WPFApplication.EntityFramework.csproj", "{BAED7F5E-AC3D-41BD-B245-2F74D876EA81}"
EndProject
Global
	GlobalSection(SolutionConfigurationPlatforms) = preSolution
		Debug|Any CPU = Debug|Any CPU
		Release|Any CPU = Release|Any CPU
	EndGlobalSection
	GlobalSection(ProjectConfigurationPlatforms) = postSolution
		{6AC5A96D-6528-46BF-9B89-463219DA7856}.Debug|Any CPU.ActiveCfg = Debug|Any CPU
		{6AC5A96D-6528-46BF-9B89-463219DA7856}.Debug|Any CPU.Build.0 = Debug|Any CPU
		{6AC5A96D-6528-46BF-9B89-463219DA7856}.Release|Any CPU.ActiveCfg = Release|Any CPU
		{6AC5A96D-6528-46BF-9B89-463219DA7856}.Release|Any CPU.Build.0 = Release|Any CPU
		{7533545D-4845-4973-B204-C6F2DA00DA25}.Debug|Any CPU.ActiveCfg = Debug|Any CPU
		{7533545D-4845-4973-B204-C6F2DA00DA25}.Debug|Any CPU.Build.0 = Debug|Any CPU
		{7533545D-4845-4973-B204-C6F2DA00DA25}.Release|Any CPU.ActiveCfg = Release|Any CPU
		{7533545D-4845-4973-B204-C6F2DA00DA25}.Release|Any CPU.Build.0 = Release|Any CPU
		{BAED7F5E-AC3D-41BD-B245-2F74D876EA81}.Debug|Any CPU.ActiveCfg = Debug|Any CPU
		{BAED7F5E-AC3D-41BD-B245-2F74D876EA81}.Debug|Any CPU.Build.0 = Debug|Any CPU
		{BAED7F5E-AC3D-41BD-B245-2F74D876EA81}.Release|Any CPU.ActiveCfg = Release|Any CPU
		{BAED7F5E-AC3D-41BD-B245-2F74D876EA81}.Release|Any CPU.Build.0 = Release|Any CPU
	EndGlobalSection
	GlobalSection(SolutionProperties) = preSolution
		HideSolutionNode = FALSE
	EndGlobalSection
	GlobalSection(ExtensibilityGlobals) = postSolution
		SolutionGuid = {FC16A75E-300E-4D95-A570-9FA2C196C6D0}
	EndGlobalSection
EndGlobal
